
Microsoft Visual Studio Solution File, Format Version 12.00
# Visual Studio Version 17
VisualStudioVersion = 17.4.33110.190
MinimumVisualStudioVersion = 10.0.40219.1
Project("{FAE04EC0-301F-11D3-BF4B-00C04F79EFBC}") = "POC_LDAP", "POC_LDAP\POC_LDAP.csproj", "{1EA2918E-BB8F-4775-87E1-EFC0D90B05E0}"
EndProject
Global
	GlobalSection(SolutionConfigurationPlatforms) = preSolution
		Debug|Any CPU = Debug|Any CPU
		Release|Any CPU = Release|Any CPU
	EndGlobalSection
	GlobalSection(ProjectConfigurationPlatforms) = postSolution
		{1EA2918E-BB8F-4775-87E1-EFC0D90B05E0}.Debug|Any CPU.ActiveCfg = Debug|Any CPU
		{1EA2918E-BB8F-4775-87E1-EFC0D90B05E0}.Debug|Any CPU.Build.0 = Debug|Any CPU
		{1EA2918E-BB8F-4775-87E1-EFC0D90B05E0}.Release|Any CPU.ActiveCfg = Release|Any CPU
		{1EA2918E-BB8F-4775-87E1-EFC0D90B05E0}.Release|Any CPU.Build.0 = Release|Any CPU
	EndGlobalSection
	GlobalSection(SolutionProperties) = preSolution
		HideSolutionNode = FALSE
	EndGlobalSection
	GlobalSection(ExtensibilityGlobals) = postSolution
		SolutionGuid = {C29B8792-B5B5-418B-9003-9BBBDC140153}
	EndGlobalSection
EndGlobal
